
Microsoft Visual Studio Solution File, Format Version 12.00
# Visual Studio Version 16
VisualStudioVersion = 16.0.33801.447
MinimumVisualStudioVersion = 10.0.40219.1
Project("{FAE04EC0-301F-11D3-BF4B-00C04F79EFBC}") = "KinectImageConvertSender", "KinectImageConvertSender\KinectImageConvertSender.csproj", "{66C4BBDE-0864-4918-B28E-5D9A0D68D1BC}"
EndProject
Global
	GlobalSection(SolutionConfigurationPlatforms) = preSolution
		Debug|Any CPU = Debug|Any CPU
		Debug|x64 = Debug|x64
		Release|Any CPU = Release|Any CPU
		Release|x64 = Release|x64
	EndGlobalSection
	GlobalSection(ProjectConfigurationPlatforms) = postSolution
		{66C4BBDE-0864-4918-B28E-5D9A0D68D1BC}.Debug|Any CPU.ActiveCfg = Debug|Any CPU
		{66C4BBDE-0864-4918-B28E-5D9A0D68D1BC}.Debug|Any CPU.Build.0 = Debug|Any CPU
		{66C4BBDE-0864-4918-B28E-5D9A0D68D1BC}.Debug|x64.ActiveCfg = Debug|x64
		{66C4BBDE-0864-4918-B28E-5D9A0D68D1BC}.Debug|x64.Build.0 = Debug|x64
		{66C4BBDE-0864-4918-B28E-5D9A0D68D1BC}.Release|Any CPU.ActiveCfg = Release|Any CPU
		{66C4BBDE-0864-4918-B28E-5D9A0D68D1BC}.Release|Any CPU.Build.0 = Release|Any CPU
		{66C4BBDE-0864-4918-B28E-5D9A0D68D1BC}.Release|x64.ActiveCfg = Release|x64
		{66C4BBDE-0864-4918-B28E-5D9A0D68D1BC}.Release|x64.Build.0 = Release|x64
	EndGlobalSection
	GlobalSection(SolutionProperties) = preSolution
		HideSolutionNode = FALSE
	EndGlobalSection
	GlobalSection(ExtensibilityGlobals) = postSolution
		SolutionGuid = {6FA3C66C-A1BF-4573-898D-730F96C9981F}
	EndGlobalSection
EndGlobal
